
Microsoft Visual Studio Solution File, Format Version 12.00
# Visual Studio Version 17
VisualStudioVersion = 17.4.33205.214
MinimumVisualStudioVersion = 10.0.40219.1
Project("{FAE04EC0-301F-11D3-BF4B-00C04F79EFBC}") = "hospital-management-and-appointment-system", "hospital-management-and-appointment-system\hospital-management-and-appointment-system.csproj", "{7AFEAF26-EA62-426B-AA8F-BAD358E703C5}"
EndProject
Global
	GlobalSection(SolutionConfigurationPlatforms) = preSolution
		Debug|Any CPU = Debug|Any CPU
		Release|Any CPU = Release|Any CPU
	EndGlobalSection
	GlobalSection(ProjectConfigurationPlatforms) = postSolution
		{7AFEAF26-EA62-426B-AA8F-BAD358E703C5}.Debug|Any CPU.ActiveCfg = Debug|Any CPU
		{7AFEAF26-EA62-426B-AA8F-BAD358E703C5}.Debug|Any CPU.Build.0 = Debug|Any CPU
		{7AFEAF26-EA62-426B-AA8F-BAD358E703C5}.Release|Any CPU.ActiveCfg = Release|Any CPU
		{7AFEAF26-EA62-426B-AA8F-BAD358E703C5}.Release|Any CPU.Build.0 = Release|Any CPU
	EndGlobalSection
	GlobalSection(SolutionProperties) = preSolution
		HideSolutionNode = FALSE
	EndGlobalSection
	GlobalSection(ExtensibilityGlobals) = postSolution
		SolutionGuid = {0A06B992-455D-4223-8790-4BB8E5F55025}
	EndGlobalSection
EndGlobal
